
Microsoft Visual Studio Solution File, Format Version 12.00
# Visual Studio Version 17
VisualStudioVersion = 17.5.33516.290
MinimumVisualStudioVersion = 10.0.40219.1
Project("{FAE04EC0-301F-11D3-BF4B-00C04F79EFBC}") = "DMU_ViewSection", "DMU_ViewSection.csproj", "{B0442282-F476-49ED-BAE4-824C441139FD}"
EndProject
Global
	GlobalSection(SolutionConfigurationPlatforms) = preSolution
		Debug|Any CPU = Debug|Any CPU
		Release|Any CPU = Release|Any CPU
	EndGlobalSection
	GlobalSection(ProjectConfigurationPlatforms) = postSolution
		{B0442282-F476-49ED-BAE4-824C441139FD}.Debug|Any CPU.ActiveCfg = Debug|Any CPU
		{B0442282-F476-49ED-BAE4-824C441139FD}.Debug|Any CPU.Build.0 = Debug|Any CPU
		{B0442282-F476-49ED-BAE4-824C441139FD}.Release|Any CPU.ActiveCfg = Release|Any CPU
		{B0442282-F476-49ED-BAE4-824C441139FD}.Release|Any CPU.Build.0 = Release|Any CPU
	EndGlobalSection
	GlobalSection(SolutionProperties) = preSolution
		HideSolutionNode = FALSE
	EndGlobalSection
	GlobalSection(ExtensibilityGlobals) = postSolution
		SolutionGuid = {95F3F50C-5499-49FC-8884-882012CAA1E1}
	EndGlobalSection
EndGlobal
